
Microsoft Visual Studio Solution File, Format Version 12.00
# Visual Studio Version 16
VisualStudioVersion = 16.0.29324.140
MinimumVisualStudioVersion = 10.0.40219.1
Project("{FAE04EC0-301F-11D3-BF4B-00C04F79EFBC}") = "automation02", "automation02.csproj", "{56759362-2AC0-4877-BB51-106DF0F83D45}"
EndProject
Global
	GlobalSection(SolutionConfigurationPlatforms) = preSolution
		Debug|Any CPU = Debug|Any CPU
		Release|Any CPU = Release|Any CPU
	EndGlobalSection
	GlobalSection(ProjectConfigurationPlatforms) = postSolution
		{56759362-2AC0-4877-BB51-106DF0F83D45}.Debug|Any CPU.ActiveCfg = Debug|Any CPU
		{56759362-2AC0-4877-BB51-106DF0F83D45}.Debug|Any CPU.Build.0 = Debug|Any CPU
		{56759362-2AC0-4877-BB51-106DF0F83D45}.Release|Any CPU.ActiveCfg = Release|Any CPU
		{56759362-2AC0-4877-BB51-106DF0F83D45}.Release|Any CPU.Build.0 = Release|Any CPU
	EndGlobalSection
	GlobalSection(SolutionProperties) = preSolution
		HideSolutionNode = FALSE
	EndGlobalSection
	GlobalSection(ExtensibilityGlobals) = postSolution
		SolutionGuid = {3D5C7EBE-0FF3-4878-A6B4-06DB41B99A71}
	EndGlobalSection
EndGlobal
